{
  "version": 4,
  "terraform_version": "1.15.5",
  "serial": 41,
  "lineage": "0e9c5ff2-d166-071e-69be-aff7ac31cfb4",
  "outputs": {},
  "resources": [
    {
      "module": "module.eks",
      "mode": "managed",
      "type": "aws_eks_cluster",
      "name": "novapay_cluster",
      "provider": "provider[\"registry.terraform.io/hashicorp/aws\"]",
      "instances": [
        {
          "schema_version": 1,
          "attributes": {
            "access_config": [
              {
                "authentication_mode": "CONFIG_MAP",
                "bootstrap_cluster_creator_admin_permissions": true
              }
            ],
            "arn": "arn:aws:eks:us-east-1:431412299857:cluster/novapay-prod-cluster",
            "bootstrap_self_managed_addons": true,
            "certificate_authority": [
              {
                "data": "LS0tLS1CRUdJTiBDRVJUSUZJQ0FURS0tLS0tCk1JSURCVENDQWUyZ0F3SUJBZ0lJYzRtcTcxMW5aNEF3RFFZSktvWklodmNOQVFFTEJRQXdGVEVUTUJFR0ExVUUKQXhNS2EzVmlaWEp1WlhSbGN6QWVGdzB5TmpBMk1URXdPVFE1TUROYUZ3MHpOakEyTURnd09UVTBNRE5hTUJVeApFekFSQmdOVkJBTVRDbXQxWW1WeWJtVjBaWE13Z2dFaU1BMEdDU3FHU0liM0RRRUJBUVVBQTRJQkR3QXdnZ0VLCkFvSUJBUUMxS2Y2S0cxK0Jpd0svd1JKM1E2bTR0WXVmL2RVMjlCZlJuZGwwWitkeFFXVk1nMDFTdFFkWmtiNGsKcXkzQkpvdHFlWEMwY0wrbjhHLzZ2eHNTTHpMNHJwc1R1Y2tCQVFrR09xdFlha25TMS9YN0hkL25GQUdzaWVmUwpLUW90Unp6NWcrM041LzBEcTZuZk93RHR4WjVOTmhMaDkxcVZzSUFJTkZaTFFjV1lTeFZTc2FyVXFCKzRnTkVECm90ZldscGpha21PV2ZYOGlxd2ZsdjNhVnpFUnF4SEN4ZVRrNU1Lb1JQMWZXdjNSTFRSMklWU0ZqbUdZdjhXR3MKZnhKL1Q2MUFiSUVnb2hjU1A3V0NjczNYdnhWU1hJL1NrRk1MUUc4c05EdEVRa1owZHpKY0JPU0lpaHVjTWRDNgpreC81SndCbjhhQTFta1lSSTRXc3E1NXZVRnBsQWdNQkFBR2pXVEJYTUE0R0ExVWREd0VCL3dRRUF3SUNwREFQCkJnTlZIUk1CQWY4RUJUQURBUUgvTUIwR0ExVWREZ1FXQkJUcUVuVjZMYTRSZGF5NEprK0tMbHBRc0dDeU56QVYKQmdOVkhSRUVEakFNZ2dwcmRXSmxjbTVsZEdWek1BMEdDU3FHU0liM0RRRUJDd1VBQTRJQkFRQThCSm90OTdWMQovS1pUZzFXcGZSNVRvWUhYL2FmTS9namJrUVpRdmQrS2lselhaSER2Q21pZG4vMEVHV2lLd09mZ2lyc2IzWXF2ClYxK2t3K3BIdE5HTHQ0TlE5bFgzOGlsdnRuT3RKY1hhcE44OVN4cHNDR2hyNzlBbTlQWHJCbWJUaUNkZVZlVWQKZmovdHFObmNsN3ZlSSthWDdwTU1rUXp3SXFtdE9NOVJ0VDJqU3NmbXcvOVZhR0FoRERSRkJId2ZQeU4vMjdJRQozdFFaRTY2V0UvQmR1d3NVWkFFcjJYby9PRnVYeEkyM3RvaDc5Rm9tTlRVVXZFQTRFbm5KQktJcjdTb21sWk8zCnB3eXZ2TnFyc0Q1ZUkybEtVbStUTG1NQjNnanF4UHcxVEtMSld3czQzcEpoUGpsTHFLb2Q0aFpQYkRqdnNQajEKUDFaMzVRZjJQcjlWCi0tLS0tRU5EIENFUlRJRklDQVRFLS0tLS0K"
              }
            ],
            "cluster_id": null,
            "compute_config": [
              {
                "enabled": false,
                "node_pools": [],
                "node_role_arn": ""
              }
            ],
            "control_plane_scaling_config": [
              {
                "tier": "standard"
              }
            ],
            "created_at": "2026-06-11T09:48:56Z",
            "deletion_protection": false,
            "enabled_cluster_log_types": null,
            "encryption_config": [],
            "endpoint": "https://795E32FC60FFA2675C4CCF1F60251D7D.gr7.us-east-1.eks.amazonaws.com",
            "force_update_version": null,
            "id": "novapay-prod-cluster",
            "identity": [
              {
                "oidc": [
                  {
                    "issuer": "https://oidc.eks.us-east-1.amazonaws.com/id/795E32FC60FFA2675C4CCF1F60251D7D"
                  }
                ]
              }
            ],
            "kubernetes_network_config": [
              {
                "elastic_load_balancing": [
                  {
                    "enabled": false
                  }
                ],
                "ip_family": "ipv4",
                "service_ipv4_cidr": "172.20.0.0/16",
                "service_ipv6_cidr": ""
              }
            ],
            "name": "novapay-prod-cluster",
            "outpost_config": [],
            "platform_version": "eks.14",
            "region": "us-east-1",
            "remote_network_config": [],
            "role_arn": "arn:aws:iam::431412299857:role/novapay-eks-cluster-role",
            "status": "ACTIVE",
            "storage_config": [
              {
                "block_storage": [
                  {
                    "enabled": false
                  }
                ]
              }
            ],
            "tags": null,
            "tags_all": {},
            "timeouts": null,
            "upgrade_policy": [
              {
                "support_type": "EXTENDED"
              }
            ],
            "version": "1.35",
            "vpc_config": [
              {
                "cluster_security_group_id": "sg-02f8681f87ce99d73",
                "endpoint_private_access": false,
                "endpoint_public_access": true,
                "public_access_cidrs": [
                  "0.0.0.0/0"
                ],
                "security_group_ids": null,
                "subnet_ids": [
                  "subnet-031e48f54852b5412",
                  "subnet-050a23ce3e8d2ff99"
                ],
                "vpc_id": "vpc-00d39979aeda49605"
              }
            ],
            "zonal_shift_config": []
          },
          "sensitive_attributes": [],
          "identity_schema_version": 0,
          "identity": {
            "account_id": "431412299857",
            "name": "novapay-prod-cluster",
            "region": "us-east-1"
          },
          "private": "eyJlMmJmYjczMC1lY2FhLTExZTYtOGY4OC0zNDM2M2JjN2M0YzAiOnsiY3JlYXRlIjoxODAwMDAwMDAwMDAwLCJkZWxldGUiOjkwMDAwMDAwMDAwMCwidXBkYXRlIjozNjAwMDAwMDAwMDAwfSwic2NoZW1hX3ZlcnNpb24iOiIxIn0=",
          "dependencies": [
            "module.eks.aws_iam_role.eks_cluster_role",
            "module.eks.aws_iam_role_policy_attachment.cluster_policy",
            "module.vpc.aws_subnet.public_subnet_a",
            "module.vpc.aws_subnet.public_subnet_b",
            "module.vpc.aws_vpc.novapay_vpc"
          ]
        }
      ]
    },
    {
      "module": "module.eks",
      "mode": "managed",
      "type": "aws_eks_node_group",
      "name": "worker_nodes",
      "provider": "provider[\"registry.terraform.io/hashicorp/aws\"]",
      "instances": [
        {
          "schema_version": 0,
          "attributes": {
            "ami_type": "AL2023_x86_64_STANDARD",
            "arn": "arn:aws:eks:us-east-1:431412299857:nodegroup/novapay-prod-cluster/novapay-node-group/decf5b0e-04cd-8191-1ee9-6aeb91b287c6",
            "capacity_type": "ON_DEMAND",
            "cluster_name": "novapay-prod-cluster",
            "disk_size": 20,
            "force_update_version": null,
            "id": "novapay-prod-cluster:novapay-node-group",
            "instance_types": [
              "t3.medium"
            ],
            "labels": null,
            "launch_template": [],
            "node_group_name": "novapay-node-group",
            "node_group_name_prefix": "",
            "node_repair_config": [],
            "node_role_arn": "arn:aws:iam::431412299857:role/novapay-eks-node-role",
            "region": "us-east-1",
            "release_version": "1.35.5-20260529",
            "remote_access": [],
            "resources": [
              {
                "autoscaling_groups": [
                  {
                    "name": "eks-novapay-node-group-decf5b0e-04cd-8191-1ee9-6aeb91b287c6"
                  }
                ],
                "remote_access_security_group_id": ""
              }
            ],
            "scaling_config": [
              {
                "desired_size": 2,
                "max_size": 3,
                "min_size": 1
              }
            ],
            "status": "ACTIVE",
            "subnet_ids": [
              "subnet-031e48f54852b5412",
              "subnet-050a23ce3e8d2ff99"
            ],
            "tags": null,
            "tags_all": {},
            "taint": [],
            "timeouts": null,
            "update_config": [
              {
                "max_unavailable": 1,
                "max_unavailable_percentage": 0,
                "update_strategy": ""
              }
            ],
            "version": "1.35"
          },
          "sensitive_attributes": [],
          "identity_schema_version": 0,
          "identity": {
            "account_id": "431412299857",
            "cluster_name": "novapay-prod-cluster",
            "node_group_name": "novapay-node-group",
            "region": "us-east-1"
          },
          "private": "eyJlMmJmYjczMC1lY2FhLTExZTYtOGY4OC0zNDM2M2JjN2M0YzAiOnsiY3JlYXRlIjozNjAwMDAwMDAwMDAwLCJkZWxldGUiOjM2MDAwMDAwMDAwMDAsInVwZGF0ZSI6MzYwMDAwMDAwMDAwMH19",
          "dependencies": [
            "module.eks.aws_eks_cluster.novapay_cluster",
            "module.eks.aws_iam_role.eks_cluster_role",
            "module.eks.aws_iam_role.eks_node_role",
            "module.eks.aws_iam_role_policy_attachment.cluster_policy",
            "module.eks.aws_iam_role_policy_attachment.cni_policy",
            "module.eks.aws_iam_role_policy_attachment.ecr_readonly",
            "module.eks.aws_iam_role_policy_attachment.node_policy",
            "module.vpc.aws_subnet.public_subnet_a",
            "module.vpc.aws_subnet.public_subnet_b",
            "module.vpc.aws_vpc.novapay_vpc"
          ]
        }
      ]
    },
    {
      "module": "module.eks",
      "mode": "managed",
      "type": "aws_iam_role",
      "name": "eks_cluster_role",
      "provider": "provider[\"registry.terraform.io/hashicorp/aws\"]",
      "instances": [
        {
          "schema_version": 0,
          "attributes": {
            "arn": "arn:aws:iam::431412299857:role/novapay-eks-cluster-role",
            "assume_role_policy": "{\"Statement\":[{\"Action\":\"sts:AssumeRole\",\"Effect\":\"Allow\",\"Principal\":{\"Service\":\"eks.amazonaws.com\"}}],\"Version\":\"2012-10-17\"}",
            "create_date": "2026-06-11T05:09:57Z",
            "description": "",
            "force_detach_policies": false,
            "id": "novapay-eks-cluster-role",
            "inline_policy": [],
            "managed_policy_arns": [
              "arn:aws:iam::aws:policy/AmazonEKSClusterPolicy"
            ],
            "max_session_duration": 3600,
            "name": "novapay-eks-cluster-role",
            "name_prefix": "",
            "path": "/",
            "permissions_boundary": "",
            "tags": {},
            "tags_all": {},
            "unique_id": "AROAWI4RNJBIYSCWVXVQV"
          },
          "sensitive_attributes": [],
          "identity_schema_version": 0,
          "identity": {
            "account_id": "431412299857",
            "name": "novapay-eks-cluster-role"
          },
          "private": "eyJzY2hlbWFfdmVyc2lvbiI6IjAifQ=="
        }
      ]
    },
    {
      "module": "module.eks",
      "mode": "managed",
      "type": "aws_iam_role",
      "name": "eks_node_role",
      "provider": "provider[\"registry.terraform.io/hashicorp/aws\"]",
      "instances": [
        {
          "schema_version": 0,
          "attributes": {
            "arn": "arn:aws:iam::431412299857:role/novapay-eks-node-role",
            "assume_role_policy": "{\"Statement\":[{\"Action\":\"sts:AssumeRole\",\"Effect\":\"Allow\",\"Principal\":{\"Service\":\"ec2.amazonaws.com\"}}],\"Version\":\"2012-10-17\"}",
            "create_date": "2026-06-11T05:09:57Z",
            "description": "",
            "force_detach_policies": false,
            "id": "novapay-eks-node-role",
            "inline_policy": [],
            "managed_policy_arns": [
              "arn:aws:iam::aws:policy/AmazonEC2ContainerRegistryReadOnly",
              "arn:aws:iam::aws:policy/AmazonEKSWorkerNodePolicy",
              "arn:aws:iam::aws:policy/AmazonEKS_CNI_Policy"
            ],
            "max_session_duration": 3600,
            "name": "novapay-eks-node-role",
            "name_prefix": "",
            "path": "/",
            "permissions_boundary": "",
            "tags": {},
            "tags_all": {},
            "unique_id": "AROAWI4RNJBIUSMW6WSJN"
          },
          "sensitive_attributes": [],
          "identity_schema_version": 0,
          "identity": {
            "account_id": "431412299857",
            "name": "novapay-eks-node-role"
          },
          "private": "eyJzY2hlbWFfdmVyc2lvbiI6IjAifQ=="
        }
      ]
    },
    {
      "module": "module.eks",
      "mode": "managed",
      "type": "aws_iam_role_policy_attachment",
      "name": "cluster_policy",
      "provider": "provider[\"registry.terraform.io/hashicorp/aws\"]",
      "instances": [
        {
          "schema_version": 0,
          "attributes": {
            "id": "novapay-eks-cluster-role/arn:aws:iam::aws:policy/AmazonEKSClusterPolicy",
            "policy_arn": "arn:aws:iam::aws:policy/AmazonEKSClusterPolicy",
            "role": "novapay-eks-cluster-role"
          },
          "sensitive_attributes": [],
          "identity_schema_version": 0,
          "identity": {
            "account_id": "431412299857",
            "policy_arn": "arn:aws:iam::aws:policy/AmazonEKSClusterPolicy",
            "role": "novapay-eks-cluster-role"
          },
          "private": "eyJzY2hlbWFfdmVyc2lvbiI6IjAifQ==",
          "dependencies": [
            "module.eks.aws_iam_role.eks_cluster_role"
          ]
        }
      ]
    },
    {
      "module": "module.eks",
      "mode": "managed",
      "type": "aws_iam_role_policy_attachment",
      "name": "cni_policy",
      "provider": "provider[\"registry.terraform.io/hashicorp/aws\"]",
      "instances": [
        {
          "schema_version": 0,
          "attributes": {
            "id": "novapay-eks-node-role/arn:aws:iam::aws:policy/AmazonEKS_CNI_Policy",
            "policy_arn": "arn:aws:iam::aws:policy/AmazonEKS_CNI_Policy",
            "role": "novapay-eks-node-role"
          },
          "sensitive_attributes": [],
          "identity_schema_version": 0,
          "identity": {
            "account_id": "431412299857",
            "policy_arn": "arn:aws:iam::aws:policy/AmazonEKS_CNI_Policy",
            "role": "novapay-eks-node-role"
          },
          "private": "bnVsbA==",
          "dependencies": [
            "module.eks.aws_iam_role.eks_node_role"
          ]
        }
      ]
    },
    {
      "module": "module.eks",
      "mode": "managed",
      "type": "aws_iam_role_policy_attachment",
      "name": "ecr_readonly",
      "provider": "provider[\"registry.terraform.io/hashicorp/aws\"]",
      "instances": [
        {
          "schema_version": 0,
          "attributes": {
            "id": "novapay-eks-node-role/arn:aws:iam::aws:policy/AmazonEC2ContainerRegistryReadOnly",
            "policy_arn": "arn:aws:iam::aws:policy/AmazonEC2ContainerRegistryReadOnly",
            "role": "novapay-eks-node-role"
          },
          "sensitive_attributes": [],
          "identity_schema_version": 0,
          "identity": {
            "account_id": "431412299857",
            "policy_arn": "arn:aws:iam::aws:policy/AmazonEC2ContainerRegistryReadOnly",
            "role": "novapay-eks-node-role"
          },
          "private": "bnVsbA==",
          "dependencies": [
            "module.eks.aws_iam_role.eks_node_role"
          ]
        }
      ]
    },
    {
      "module": "module.eks",
      "mode": "managed",
      "type": "aws_iam_role_policy_attachment",
      "name": "node_policy",
      "provider": "provider[\"registry.terraform.io/hashicorp/aws\"]",
      "instances": [
        {
          "schema_version": 0,
          "attributes": {
            "id": "novapay-eks-node-role/arn:aws:iam::aws:policy/AmazonEKSWorkerNodePolicy",
            "policy_arn": "arn:aws:iam::aws:policy/AmazonEKSWorkerNodePolicy",
            "role": "novapay-eks-node-role"
          },
          "sensitive_attributes": [],
          "identity_schema_version": 0,
          "identity": {
            "account_id": "431412299857",
            "policy_arn": "arn:aws:iam::aws:policy/AmazonEKSWorkerNodePolicy",
            "role": "novapay-eks-node-role"
          },
          "private": "eyJzY2hlbWFfdmVyc2lvbiI6IjAifQ==",
          "dependencies": [
            "module.eks.aws_iam_role.eks_node_role"
          ]
        }
      ]
    },
    {
      "module": "module.vpc",
      "mode": "managed",
      "type": "aws_internet_gateway",
      "name": "igw",
      "provider": "provider[\"registry.terraform.io/hashicorp/aws\"]",
      "instances": [
        {
          "schema_version": 0,
          "attributes": {
            "arn": "arn:aws:ec2:us-east-1:431412299857:internet-gateway/igw-0313604c2c3db4668",
            "id": "igw-0313604c2c3db4668",
            "owner_id": "431412299857",
            "region": "us-east-1",
            "tags": {
              "Name": "novapay-igw"
            },
            "tags_all": {
              "Name": "novapay-igw"
            },
            "timeouts": null,
            "vpc_id": "vpc-00d39979aeda49605"
          },
          "sensitive_attributes": [],
          "identity_schema_version": 0,
          "identity": {
            "account_id": "431412299857",
            "id": "igw-0313604c2c3db4668",
            "region": "us-east-1"
          },
          "private": "eyJlMmJmYjczMC1lY2FhLTExZTYtOGY4OC0zNDM2M2JjN2M0YzAiOnsiY3JlYXRlIjoxMjAwMDAwMDAwMDAwLCJkZWxldGUiOjEyMDAwMDAwMDAwMDAsInVwZGF0ZSI6MTIwMDAwMDAwMDAwMH19",
          "dependencies": [
            "module.vpc.aws_vpc.novapay_vpc"
          ]
        }
      ]
    },
    {
      "module": "module.vpc",
      "mode": "managed",
      "type": "aws_route_table",
      "name": "public_rt",
      "provider": "provider[\"registry.terraform.io/hashicorp/aws\"]",
      "instances": [
        {
          "schema_version": 0,
          "attributes": {
            "arn": "arn:aws:ec2:us-east-1:431412299857:route-table/rtb-047092d196c28e9c7",
            "id": "rtb-047092d196c28e9c7",
            "owner_id": "431412299857",
            "propagating_vgws": [],
            "region": "us-east-1",
            "route": [
              {
                "carrier_gateway_id": "",
                "cidr_block": "0.0.0.0/0",
                "core_network_arn": "",
                "destination_prefix_list_id": "",
                "egress_only_gateway_id": "",
                "gateway_id": "igw-0313604c2c3db4668",
                "ipv6_cidr_block": "",
                "local_gateway_id": "",
                "nat_gateway_id": "",
                "network_interface_id": "",
                "odb_network_arn": "",
                "transit_gateway_id": "",
                "vpc_endpoint_id": "",
                "vpc_peering_connection_id": ""
              }
            ],
            "tags": null,
            "tags_all": {},
            "timeouts": null,
            "vpc_id": "vpc-00d39979aeda49605"
          },
          "sensitive_attributes": [],
          "identity_schema_version": 0,
          "identity": {
            "account_id": "431412299857",
            "id": "rtb-047092d196c28e9c7",
            "region": "us-east-1"
          },
          "private": "eyJlMmJmYjczMC1lY2FhLTExZTYtOGY4OC0zNDM2M2JjN2M0YzAiOnsiY3JlYXRlIjozMDAwMDAwMDAwMDAsImRlbGV0ZSI6MzAwMDAwMDAwMDAwLCJ1cGRhdGUiOjEyMDAwMDAwMDAwMH19",
          "dependencies": [
            "module.vpc.aws_internet_gateway.igw",
            "module.vpc.aws_vpc.novapay_vpc"
          ]
        }
      ]
    },
    {
      "module": "module.vpc",
      "mode": "managed",
      "type": "aws_route_table_association",
      "name": "public_a",
      "provider": "provider[\"registry.terraform.io/hashicorp/aws\"]",
      "instances": [
        {
          "schema_version": 0,
          "attributes": {
            "gateway_id": "",
            "id": "rtbassoc-050848112e05a938e",
            "region": "us-east-1",
            "route_table_id": "rtb-047092d196c28e9c7",
            "subnet_id": "subnet-050a23ce3e8d2ff99",
            "timeouts": null
          },
          "sensitive_attributes": [],
          "identity_schema_version": 0,
          "identity": {
            "account_id": "431412299857",
            "id": "rtbassoc-050848112e05a938e",
            "region": "us-east-1"
          },
          "private": "eyJlMmJmYjczMC1lY2FhLTExZTYtOGY4OC0zNDM2M2JjN2M0YzAiOnsiY3JlYXRlIjozMDAwMDAwMDAwMDAsImRlbGV0ZSI6MzAwMDAwMDAwMDAwLCJ1cGRhdGUiOjEyMDAwMDAwMDAwMH19",
          "dependencies": [
            "module.vpc.aws_internet_gateway.igw",
            "module.vpc.aws_route_table.public_rt",
            "module.vpc.aws_subnet.public_subnet_a",
            "module.vpc.aws_vpc.novapay_vpc"
          ]
        }
      ]
    },
    {
      "module": "module.vpc",
      "mode": "managed",
      "type": "aws_route_table_association",
      "name": "public_b",
      "provider": "provider[\"registry.terraform.io/hashicorp/aws\"]",
      "instances": [
        {
          "schema_version": 0,
          "attributes": {
            "gateway_id": "",
            "id": "rtbassoc-06bda352d043ef974",
            "region": "us-east-1",
            "route_table_id": "rtb-047092d196c28e9c7",
            "subnet_id": "subnet-031e48f54852b5412",
            "timeouts": null
          },
          "sensitive_attributes": [],
          "identity_schema_version": 0,
          "identity": {
            "account_id": "431412299857",
            "id": "rtbassoc-06bda352d043ef974",
            "region": "us-east-1"
          },
          "private": "eyJlMmJmYjczMC1lY2FhLTExZTYtOGY4OC0zNDM2M2JjN2M0YzAiOnsiY3JlYXRlIjozMDAwMDAwMDAwMDAsImRlbGV0ZSI6MzAwMDAwMDAwMDAwLCJ1cGRhdGUiOjEyMDAwMDAwMDAwMH19",
          "dependencies": [
            "module.vpc.aws_internet_gateway.igw",
            "module.vpc.aws_route_table.public_rt",
            "module.vpc.aws_subnet.public_subnet_b",
            "module.vpc.aws_vpc.novapay_vpc"
          ]
        }
      ]
    },
    {
      "module": "module.vpc",
      "mode": "managed",
      "type": "aws_subnet",
      "name": "public_subnet_a",
      "provider": "provider[\"registry.terraform.io/hashicorp/aws\"]",
      "instances": [
        {
          "schema_version": 1,
          "attributes": {
            "arn": "arn:aws:ec2:us-east-1:431412299857:subnet/subnet-050a23ce3e8d2ff99",
            "assign_ipv6_address_on_creation": false,
            "availability_zone": "us-east-1a",
            "availability_zone_id": "use1-az1",
            "cidr_block": "10.0.1.0/24",
            "customer_owned_ipv4_pool": "",
            "enable_dns64": false,
            "enable_lni_at_device_index": 0,
            "enable_resource_name_dns_a_record_on_launch": false,
            "enable_resource_name_dns_aaaa_record_on_launch": false,
            "id": "subnet-050a23ce3e8d2ff99",
            "ipv4_ipam_pool_id": null,
            "ipv4_netmask_length": null,
            "ipv6_cidr_block": "",
            "ipv6_cidr_block_association_id": "",
            "ipv6_ipam_pool_id": null,
            "ipv6_native": false,
            "ipv6_netmask_length": null,
            "map_customer_owned_ip_on_launch": false,
            "map_public_ip_on_launch": true,
            "outpost_arn": "",
            "owner_id": "431412299857",
            "private_dns_hostname_type_on_launch": "ip-name",
            "region": "us-east-1",
            "tags": {
              "Name": "novapay-public-subnet-a",
              "kubernetes.io/cluster/novapay-prod-cluster": "shared",
              "kubernetes.io/role/elb": "1"
            },
            "tags_all": {
              "Name": "novapay-public-subnet-a",
              "kubernetes.io/cluster/novapay-prod-cluster": "shared",
              "kubernetes.io/role/elb": "1"
            },
            "timeouts": null,
            "vpc_id": "vpc-00d39979aeda49605"
          },
          "sensitive_attributes": [],
          "identity_schema_version": 0,
          "identity": {
            "account_id": "431412299857",
            "id": "subnet-050a23ce3e8d2ff99",
            "region": "us-east-1"
          },
          "private": "eyJlMmJmYjczMC1lY2FhLTExZTYtOGY4OC0zNDM2M2JjN2M0YzAiOnsiY3JlYXRlIjo2MDAwMDAwMDAwMDAsImRlbGV0ZSI6MTIwMDAwMDAwMDAwMH0sInNjaGVtYV92ZXJzaW9uIjoiMSJ9",
          "dependencies": [
            "module.vpc.aws_vpc.novapay_vpc"
          ]
        }
      ]
    },
    {
      "module": "module.vpc",
      "mode": "managed",
      "type": "aws_subnet",
      "name": "public_subnet_b",
      "provider": "provider[\"registry.terraform.io/hashicorp/aws\"]",
      "instances": [
        {
          "schema_version": 1,
          "attributes": {
            "arn": "arn:aws:ec2:us-east-1:431412299857:subnet/subnet-031e48f54852b5412",
            "assign_ipv6_address_on_creation": false,
            "availability_zone": "us-east-1b",
            "availability_zone_id": "use1-az2",
            "cidr_block": "10.0.2.0/24",
            "customer_owned_ipv4_pool": "",
            "enable_dns64": false,
            "enable_lni_at_device_index": 0,
            "enable_resource_name_dns_a_record_on_launch": false,
            "enable_resource_name_dns_aaaa_record_on_launch": false,
            "id": "subnet-031e48f54852b5412",
            "ipv4_ipam_pool_id": null,
            "ipv4_netmask_length": null,
            "ipv6_cidr_block": "",
            "ipv6_cidr_block_association_id": "",
            "ipv6_ipam_pool_id": null,
            "ipv6_native": false,
            "ipv6_netmask_length": null,
            "map_customer_owned_ip_on_launch": false,
            "map_public_ip_on_launch": true,
            "outpost_arn": "",
            "owner_id": "431412299857",
            "private_dns_hostname_type_on_launch": "ip-name",
            "region": "us-east-1",
            "tags": {
              "Name": "novapay-public-subnet-b",
              "kubernetes.io/cluster/novapay-prod-cluster": "shared",
              "kubernetes.io/role/elb": "1"
            },
            "tags_all": {
              "Name": "novapay-public-subnet-b",
              "kubernetes.io/cluster/novapay-prod-cluster": "shared",
              "kubernetes.io/role/elb": "1"
            },
            "timeouts": null,
            "vpc_id": "vpc-00d39979aeda49605"
          },
          "sensitive_attributes": [],
          "identity_schema_version": 0,
          "identity": {
            "account_id": "431412299857",
            "id": "subnet-031e48f54852b5412",
            "region": "us-east-1"
          },
          "private": "eyJlMmJmYjczMC1lY2FhLTExZTYtOGY4OC0zNDM2M2JjN2M0YzAiOnsiY3JlYXRlIjo2MDAwMDAwMDAwMDAsImRlbGV0ZSI6MTIwMDAwMDAwMDAwMH0sInNjaGVtYV92ZXJzaW9uIjoiMSJ9",
          "dependencies": [
            "module.vpc.aws_vpc.novapay_vpc"
          ]
        }
      ]
    },
    {
      "module": "module.vpc",
      "mode": "managed",
      "type": "aws_vpc",
      "name": "novapay_vpc",
      "provider": "provider[\"registry.terraform.io/hashicorp/aws\"]",
      "instances": [
        {
          "schema_version": 1,
          "attributes": {
            "arn": "arn:aws:ec2:us-east-1:431412299857:vpc/vpc-00d39979aeda49605",
            "assign_generated_ipv6_cidr_block": false,
            "cidr_block": "10.0.0.0/16",
            "default_network_acl_id": "acl-0995dc31a8233a3d5",
            "default_route_table_id": "rtb-0450bf693eb9c98a3",
            "default_security_group_id": "sg-08a83068f9863bbe9",
            "dhcp_options_id": "dopt-0f105579e39ff7fab",
            "enable_dns_hostnames": true,
            "enable_dns_support": true,
            "enable_network_address_usage_metrics": false,
            "id": "vpc-00d39979aeda49605",
            "instance_tenancy": "default",
            "ipv4_ipam_pool_id": null,
            "ipv4_netmask_length": null,
            "ipv6_association_id": "",
            "ipv6_cidr_block": "",
            "ipv6_cidr_block_network_border_group": "",
            "ipv6_ipam_pool_id": "",
            "ipv6_netmask_length": 0,
            "main_route_table_id": "rtb-0450bf693eb9c98a3",
            "owner_id": "431412299857",
            "region": "us-east-1",
            "tags": {
              "Name": "novapay-vpc"
            },
            "tags_all": {
              "Name": "novapay-vpc"
            }
          },
          "sensitive_attributes": [],
          "identity_schema_version": 0,
          "identity": {
            "account_id": "431412299857",
            "id": "vpc-00d39979aeda49605",
            "region": "us-east-1"
          },
          "private": "eyJzY2hlbWFfdmVyc2lvbiI6IjEifQ=="
        }
      ]
    }
  ],
  "check_results": null
}
